
Microsoft Visual Studio Solution File, Format Version 12.00
# Visual Studio 15
VisualStudioVersion = 15.0.27703.2042
MinimumVisualStudioVersion = 10.0.40219.1
Project("{FAE04EC0-301F-11D3-BF4B-00C04F79EFBC}") = "Hello-VS.client", "Hello-VS.client\Hello-VS.client.csproj", "{D518C86C-091F-4704-9055-5AA25B973EFD}"
EndProject
Global
	GlobalSection(SolutionConfigurationPlatforms) = preSolution
		Debug|Any CPU = Debug|Any CPU
		Release|Any CPU = Release|Any CPU
	EndGlobalSection
	GlobalSection(ProjectConfigurationPlatforms) = postSolution
		{D518C86C-091F-4704-9055-5AA25B973EFD}.Debug|Any CPU.ActiveCfg = Debug|Any CPU
		{D518C86C-091F-4704-9055-5AA25B973EFD}.Debug|Any CPU.Build.0 = Debug|Any CPU
		{D518C86C-091F-4704-9055-5AA25B973EFD}.Release|Any CPU.ActiveCfg = Release|Any CPU
		{D518C86C-091F-4704-9055-5AA25B973EFD}.Release|Any CPU.Build.0 = Release|Any CPU
	EndGlobalSection
	GlobalSection(SolutionProperties) = preSolution
		HideSolutionNode = FALSE
	EndGlobalSection
	GlobalSection(ExtensibilityGlobals) = postSolution
		SolutionGuid = {CB0E60B8-6C9C-4A31-A87F-3DE536870D2D}
	EndGlobalSection
EndGlobal
